// !$*UTF8*$!
{
	archiveVersion = 1;
	classes = {
	};
	objectVersion = 48;
	objects = {

/* Begin PBXBuildFile section */
		12865C7B1F7359660058F42A /* AppDelegate.swift in Sources */ = {isa = PBXBuildFile; fileRef = 12865C7A1F7359660058F42A /* AppDelegate.swift */; };
		12865C7D1F7359660058F42A /* MDListMovieViewController.swift in Sources */ = {isa = PBXBuildFile; fileRef = 12865C7C1F7359660058F42A /* MDListMovieViewController.swift */; };
		12865C801F7359660058F42A /* Main.storyboard in Resources */ = {isa = PBXBuildFile; fileRef = 12865C7E1F7359660058F42A /* Main.storyboard */; };
		12865C821F7359660058F42A /* Assets.xcassets in Resources */ = {isa = PBXBuildFile; fileRef = 12865C811F7359660058F42A /* Assets.xcassets */; };
		12865C851F7359660058F42A /* LaunchScreen.storyboard in Resources */ = {isa = PBXBuildFile; fileRef = 12865C831F7359660058F42A /* LaunchScreen.storyboard */; };
		12865C901F7359670058F42A /* MDCollectionViewDataSourceTest.swift in Sources */ = {isa = PBXBuildFile; fileRef = 12865C8F1F7359670058F42A /* MDCollectionViewDataSourceTest.swift */; };
		12865C9F1F737A2B0058F42A /* MDMoviePreviewCell.swift in Sources */ = {isa = PBXBuildFile; fileRef = 12865C9E1F737A2B0058F42A /* MDMoviePreviewCell.swift */; };
		12865CA11F737AFC0058F42A /* MDDataProtocols.swift in Sources */ = {isa = PBXBuildFile; fileRef = 12865CA01F737AFC0058F42A /* MDDataProtocols.swift */; };
		12865CA31F737B970058F42A /* MDCollectionViewDataSource.swift in Sources */ = {isa = PBXBuildFile; fileRef = 12865CA21F737B970058F42A /* MDCollectionViewDataSource.swift */; };
		12865CA51F737D5C0058F42A /* MDListMovieViewModel.swift in Sources */ = {isa = PBXBuildFile; fileRef = 12865CA41F737D5C0058F42A /* MDListMovieViewModel.swift */; };
		12865CA71F737D7D0058F42A /* MDListMovieProvider.swift in Sources */ = {isa = PBXBuildFile; fileRef = 12865CA61F737D7D0058F42A /* MDListMovieProvider.swift */; };
		12865CA91F737E220058F42A /* MDMovieModel.swift in Sources */ = {isa = PBXBuildFile; fileRef = 12865CA81F737E220058F42A /* MDMovieModel.swift */; };
		12865CAC1F73D43C0058F42A /* MDServerService.swift in Sources */ = {isa = PBXBuildFile; fileRef = 12865CAB1F73D43C0058F42A /* MDServerService.swift */; };
		12865CAD1F73DAE50058F42A /* MDConstant.swift in Sources */ = {isa = PBXBuildFile; fileRef = 12865C9D1F7366BB0058F42A /* MDConstant.swift */; };
		12865CB21F73F8630058F42A /* MDMovieViewModel.swift in Sources */ = {isa = PBXBuildFile; fileRef = 12865CB11F73F8630058F42A /* MDMovieViewModel.swift */; };
		12865CB41F73F8760058F42A /* MDMovieViewController.swift in Sources */ = {isa = PBXBuildFile; fileRef = 12865CB31F73F8760058F42A /* MDMovieViewController.swift */; };
		12C3844B1F7415B9008A1B1C /* MDBookingViewController.swift in Sources */ = {isa = PBXBuildFile; fileRef = 12C3844A1F7415B9008A1B1C /* MDBookingViewController.swift */; };
		12EFFD791F74CCDC009BE8F4 /* MDListMovieProviderTest.swift in Sources */ = {isa = PBXBuildFile; fileRef = 12EFFD781F74CCDC009BE8F4 /* MDListMovieProviderTest.swift */; };
		12EFFD7B1F74D2CC009BE8F4 /* MDMovieViewModelTest.swift in Sources */ = {isa = PBXBuildFile; fileRef = 12EFFD7A1F74D2CC009BE8F4 /* MDMovieViewModelTest.swift */; };
		12EFFD7D1F74EB76009BE8F4 /* MDServerServiceTest.swift in Sources */ = {isa = PBXBuildFile; fileRef = 12EFFD7C1F74EB76009BE8F4 /* MDServerServiceTest.swift */; };
		12EFFD811F74F075009BE8F4 /* MockMovieDetail.json in Resources */ = {isa = PBXBuildFile; fileRef = 12EFFD801F74F075009BE8F4 /* MockMovieDetail.json */; };
		12EFFD831F74F0EB009BE8F4 /* MockMoviesList.json in Resources */ = {isa = PBXBuildFile; fileRef = 12EFFD821F74F0EB009BE8F4 /* MockMoviesList.json */; };
		12EFFD871F751533009BE8F4 /* MDMovieModelTest.swift in Sources */ = {isa = PBXBuildFile; fileRef = 12EFFD861F751533009BE8F4 /* MDMovieModelTest.swift */; };
		1C921B5A5A80E2391F272996 /* Pods_Cinema.framework in Frameworks */ = {isa = PBXBuildFile; fileRef = C53F2646B0419D3D921A8B96 /* Pods_Cinema.framework */; };
		C7FE1B665D9B8ABED98433F9 /* Pods_CinemaTests.framework in Frameworks */ = {isa = PBXBuildFile; fileRef = C35FD261B9C746A136646147 /* Pods_CinemaTests.framework */; };
/* End PBXBuildFile section */

/* Begin PBXContainerItemProxy section */
		12865C8C1F7359670058F42A /* PBXContainerItemProxy */ = {
			isa = PBXContainerItemProxy;
			containerPortal = 12865C6F1F7359660058F42A /* Project object */;
			proxyType = 1;
			remoteGlobalIDString = 12865C761F7359660058F42A;
			remoteInfo = Cinema;
		};
/* End PBXContainerItemProxy section */

/* Begin PBXFileReference section */
		12865C771F7359660058F42A /* Cinema.app */ = {isa = PBXFileReference; explicitFileType = wrapper.application; includeInIndex = 0; path = Cinema.app; sourceTree = BUILT_PRODUCTS_DIR; };
		12865C7A1F7359660058F42A /* AppDelegate.swift */ = {isa = PBXFileReference; lastKnownFileType = sourcecode.swift; path = AppDelegate.swift; sourceTree = "<group>"; };
		12865C7C1F7359660058F42A /* MDListMovieViewController.swift */ = {isa = PBXFileReference; lastKnownFileType = sourcecode.swift; path = MDListMovieViewController.swift; sourceTree = "<group>"; };
		12865C7F1F7359660058F42A /* Base */ = {isa = PBXFileReference; lastKnownFileType = file.storyboard; name = Base; path = Base.lproj/Main.storyboard; sourceTree = "<group>"; };
		12865C811F7359660058F42A /* Assets.xcassets */ = {isa = PBXFileReference; lastKnownFileType = folder.assetcatalog; path = Assets.xcassets; sourceTree = "<group>"; };
		12865C841F7359660058F42A /* Base */ = {isa = PBXFileReference; lastKnownFileType = file.storyboard; name = Base; path = Base.lproj/LaunchScreen.storyboard; sourceTree = "<group>"; };
		12865C861F7359660058F42A /* Info.plist */ = {isa = PBXFileReference; lastKnownFileType = text.plist.xml; path = Info.plist; sourceTree = "<group>"; };
		12865C8B1F7359670058F42A /* CinemaTests.xctest */ = {isa = PBXFileReference; explicitFileType = wrapper.cfbundle; includeInIndex = 0; path = CinemaTests.xctest; sourceTree = BUILT_PRODUCTS_DIR; };
		12865C8F1F7359670058F42A /* MDCollectionViewDataSourceTest.swift */ = {isa = PBXFileReference; lastKnownFileType = sourcecode.swift; path = MDCollectionViewDataSourceTest.swift; sourceTree = "<group>"; };
		12865C911F7359670058F42A /* Info.plist */ = {isa = PBXFileReference; lastKnownFileType = text.plist.xml; path = Info.plist; sourceTree = "<group>"; };
		12865C9D1F7366BB0058F42A /* MDConstant.swift */ = {isa = PBXFileReference; lastKnownFileType = sourcecode.swift; name = MDConstant.swift; path = Cinema/Utilities/MDConstant.swift; sourceTree = SOURCE_ROOT; };
		12865C9E1F737A2B0058F42A /* MDMoviePreviewCell.swift */ = {isa = PBXFileReference; lastKnownFileType = sourcecode.swift; path = MDMoviePreviewCell.swift; sourceTree = "<group>"; };
		12865CA01F737AFC0058F42A /* MDDataProtocols.swift */ = {isa = PBXFileReference; lastKnownFileType = sourcecode.swift; name = MDDataProtocols.swift; path = Cinema/Utilities/MDDataProtocols.swift; sourceTree = SOURCE_ROOT; };
		12865CA21F737B970058F42A /* MDCollectionViewDataSource.swift */ = {isa = PBXFileReference; lastKnownFileType = sourcecode.swift; path = MDCollectionViewDataSource.swift; sourceTree = "<group>"; };
		12865CA41F737D5C0058F42A /* MDListMovieViewModel.swift */ = {isa = PBXFileReference; lastKnownFileType = sourcecode.swift; path = MDListMovieViewModel.swift; sourceTree = "<group>"; };
		12865CA61F737D7D0058F42A /* MDListMovieProvider.swift */ = {isa = PBXFileReference; lastKnownFileType = sourcecode.swift; path = MDListMovieProvider.swift; sourceTree = "<group>"; };
		12865CA81F737E220058F42A /* MDMovieModel.swift */ = {isa = PBXFileReference; lastKnownFileType = sourcecode.swift; path = MDMovieModel.swift; sourceTree = "<group>"; };
		12865CAB1F73D43C0058F42A /* MDServerService.swift */ = {isa = PBXFileReference; lastKnownFileType = sourcecode.swift; path = MDServerService.swift; sourceTree = "<group>"; };
		12865CB11F73F8630058F42A /* MDMovieViewModel.swift */ = {isa = PBXFileReference; lastKnownFileType = sourcecode.swift; path = MDMovieViewModel.swift; sourceTree = "<group>"; };
		12865CB31F73F8760058F42A /* MDMovieViewController.swift */ = {isa = PBXFileReference; lastKnownFileType = sourcecode.swift; path = MDMovieViewController.swift; sourceTree = "<group>"; };
		12C3844A1F7415B9008A1B1C /* MDBookingViewController.swift */ = {isa = PBXFileReference; lastKnownFileType = sourcecode.swift; path = MDBookingViewController.swift; sourceTree = "<group>"; };
		12EFFD781F74CCDC009BE8F4 /* MDListMovieProviderTest.swift */ = {isa = PBXFileReference; lastKnownFileType = sourcecode.swift; path = MDListMovieProviderTest.swift; sourceTree = "<group>"; };
		12EFFD7A1F74D2CC009BE8F4 /* MDMovieViewModelTest.swift */ = {isa = PBXFileReference; lastKnownFileType = sourcecode.swift; path = MDMovieViewModelTest.swift; sourceTree = "<group>"; };
		12EFFD7C1F74EB76009BE8F4 /* MDServerServiceTest.swift */ = {isa = PBXFileReference; lastKnownFileType = sourcecode.swift; path = MDServerServiceTest.swift; sourceTree = "<group>"; };
		12EFFD801F74F075009BE8F4 /* MockMovieDetail.json */ = {isa = PBXFileReference; lastKnownFileType = text.json; path = MockMovieDetail.json; sourceTree = "<group>"; };
		12EFFD821F74F0EB009BE8F4 /* MockMoviesList.json */ = {isa = PBXFileReference; lastKnownFileType = text.json; path = MockMoviesList.json; sourceTree = "<group>"; };
		12EFFD861F751533009BE8F4 /* MDMovieModelTest.swift */ = {isa = PBXFileReference; lastKnownFileType = sourcecode.swift; path = MDMovieModelTest.swift; sourceTree = "<group>"; };
		505DB9C39F19FCD6C101F485 /* Pods-Cinema.release.xcconfig */ = {isa = PBXFileReference; includeInIndex = 1; lastKnownFileType = text.xcconfig; name = "Pods-Cinema.release.xcconfig"; path = "Pods/Target Support Files/Pods-Cinema/Pods-Cinema.release.xcconfig"; sourceTree = "<group>"; };
		8FDF01A31E04FFC9985B13F8 /* Pods-CinemaTests.release.xcconfig */ = {isa = PBXFileReference; includeInIndex = 1; lastKnownFileType = text.xcconfig; name = "Pods-CinemaTests.release.xcconfig"; path = "Pods/Target Support Files/Pods-CinemaTests/Pods-CinemaTests.release.xcconfig"; sourceTree = "<group>"; };
		C35FD261B9C746A136646147 /* Pods_CinemaTests.framework */ = {isa = PBXFileReference; explicitFileType = wrapper.framework; includeInIndex = 0; path = Pods_CinemaTests.framework; sourceTree = BUILT_PRODUCTS_DIR; };
		C53F2646B0419D3D921A8B96 /* Pods_Cinema.framework */ = {isa = PBXFileReference; explicitFileType = wrapper.framework; includeInIndex = 0; path = Pods_Cinema.framework; sourceTree = BUILT_PRODUCTS_DIR; };
		CFB0D86BC0C7B822D241F5D4 /* Pods-Cinema.debug.xcconfig */ = {isa = PBXFileReference; includeInIndex = 1; lastKnownFileType = text.xcconfig; name = "Pods-Cinema.debug.xcconfig"; path = "Pods/Target Support Files/Pods-Cinema/Pods-Cinema.debug.xcconfig"; sourceTree = "<group>"; };
		EA69562A1BE4A27AB5DEAE48 /* Pods-CinemaTests.debug.xcconfig */ = {isa = PBXFileReference; includeInIndex = 1; lastKnownFileType = text.xcconfig; name = "Pods-CinemaTests.debug.xcconfig"; path = "Pods/Target Support Files/Pods-CinemaTests/Pods-CinemaTests.debug.xcconfig"; sourceTree = "<group>"; };
/* End PBXFileReference section */

/* Begin PBXFrameworksBuildPhase section */
		12865C741F7359660058F42A /* Frameworks */ = {
			isa = PBXFrameworksBuildPhase;
			buildActionMask = 2147483647;
			files = (
				1C921B5A5A80E2391F272996 /* Pods_Cinema.framework in Frameworks */,
			);
			runOnlyForDeploymentPostprocessing = 0;
		};
		12865C881F7359670058F42A /* Frameworks */ = {
			isa = PBXFrameworksBuildPhase;
			buildActionMask = 2147483647;
			files = (
				C7FE1B665D9B8ABED98433F9 /* Pods_CinemaTests.framework in Frameworks */,
			);
			runOnlyForDeploymentPostprocessing = 0;
		};
/* End PBXFrameworksBuildPhase section */

/* Begin PBXGroup section */
		12865C6E1F7359660058F42A = {
			isa = PBXGroup;
			children = (
				12865C791F7359660058F42A /* Cinema */,
				12865C8E1F7359670058F42A /* CinemaTests */,
				12865C781F7359660058F42A /* Products */,
				416E4023DA9FC185D9C8C33E /* Pods */,
				2661041494A318F25638BAF3 /* Frameworks */,
			);
			sourceTree = "<group>";
		};
		12865C781F7359660058F42A /* Products */ = {
			isa = PBXGroup;
			children = (
				12865C771F7359660058F42A /* Cinema.app */,
				12865C8B1F7359670058F42A /* CinemaTests.xctest */,
			);
			name = Products;
			sourceTree = "<group>";
		};
		12865C791F7359660058F42A /* Cinema */ = {
			isa = PBXGroup;
			children = (
				12865C7A1F7359660058F42A /* AppDelegate.swift */,
				12865C7E1F7359660058F42A /* Main.storyboard */,
				12C8CA1D1F74B6AE00F97122 /* ViewControllers */,
				12C8CA1C1F74B16100F97122 /* Models */,
				12C8CA1B1F74B15300F97122 /* Services */,
				12865C9C1F7366910058F42A /* Utilities */,
				12865C811F7359660058F42A /* Assets.xcassets */,
				12865C861F7359660058F42A /* Info.plist */,
				12865C831F7359660058F42A /* LaunchScreen.storyboard */,
			);
			path = Cinema;
			sourceTree = "<group>";
		};
		12865C8E1F7359670058F42A /* CinemaTests */ = {
			isa = PBXGroup;
			children = (
				12865C8F1F7359670058F42A /* MDCollectionViewDataSourceTest.swift */,
				12EFFD781F74CCDC009BE8F4 /* MDListMovieProviderTest.swift */,
				12EFFD7A1F74D2CC009BE8F4 /* MDMovieViewModelTest.swift */,
				12EFFD7C1F74EB76009BE8F4 /* MDServerServiceTest.swift */,
				12EFFD861F751533009BE8F4 /* MDMovieModelTest.swift */,
				12EFFD801F74F075009BE8F4 /* MockMovieDetail.json */,
				12EFFD821F74F0EB009BE8F4 /* MockMoviesList.json */,
				12865C911F7359670058F42A /* Info.plist */,
			);
			path = CinemaTests;
			sourceTree = "<group>";
		};
		12865C9C1F7366910058F42A /* Utilities */ = {
			isa = PBXGroup;
			children = (
				12865C9D1F7366BB0058F42A /* MDConstant.swift */,
				12865CA01F737AFC0058F42A /* MDDataProtocols.swift */,
				12865CA21F737B970058F42A /* MDCollectionViewDataSource.swift */,
			);
			name = Utilities;
			path = "New Group";
			sourceTree = "<group>";
		};
		12865CAA1F73CBB90058F42A /* MovieList */ = {
			isa = PBXGroup;
			children = (
				12865C7C1F7359660058F42A /* MDListMovieViewController.swift */,
				12865CA41F737D5C0058F42A /* MDListMovieViewModel.swift */,
				12865CA61F737D7D0058F42A /* MDListMovieProvider.swift */,
				12865C9E1F737A2B0058F42A /* MDMoviePreviewCell.swift */,
			);
			path = MovieList;
			sourceTree = "<group>";
		};
		12865CB01F73F8470058F42A /* MovieDetail */ = {
			isa = PBXGroup;
			children = (
				12865CB31F73F8760058F42A /* MDMovieViewController.swift */,
				12865CB11F73F8630058F42A /* MDMovieViewModel.swift */,
			);
			path = MovieDetail;
			sourceTree = "<group>";
		};
		12C3844C1F7415C4008A1B1C /* Booking */ = {
			isa = PBXGroup;
			children = (
				12C3844A1F7415B9008A1B1C /* MDBookingViewController.swift */,
			);
			path = Booking;
			sourceTree = "<group>";
		};
		12C8CA1B1F74B15300F97122 /* Services */ = {
			isa = PBXGroup;
			children = (
				12865CAB1F73D43C0058F42A /* MDServerService.swift */,
			);
			path = Services;
			sourceTree = "<group>";
		};
		12C8CA1C1F74B16100F97122 /* Models */ = {
			isa = PBXGroup;
			children = (
				12865CA81F737E220058F42A /* MDMovieModel.swift */,
			);
			path = Models;
			sourceTree = "<group>";
		};
		12C8CA1D1F74B6AE00F97122 /* ViewControllers */ = {
			isa = PBXGroup;
			children = (
				12865CAA1F73CBB90058F42A /* MovieList */,
				12865CB01F73F8470058F42A /* MovieDetail */,
				12C3844C1F7415C4008A1B1C /* Booking */,
			);
			path = ViewControllers;
			sourceTree = "<group>";
		};
		2661041494A318F25638BAF3 /* Frameworks */ = {
			isa = PBXGroup;
			children = (
				C53F2646B0419D3D921A8B96 /* Pods_Cinema.framework */,
				C35FD261B9C746A136646147 /* Pods_CinemaTests.framework */,
			);
			name = Frameworks;
			sourceTree = "<group>";
		};
		416E4023DA9FC185D9C8C33E /* Pods */ = {
			isa = PBXGroup;
			children = (
				CFB0D86BC0C7B822D241F5D4 /* Pods-Cinema.debug.xcconfig */,
				505DB9C39F19FCD6C101F485 /* Pods-Cinema.release.xcconfig */,
				EA69562A1BE4A27AB5DEAE48 /* Pods-CinemaTests.debug.xcconfig */,
				8FDF01A31E04FFC9985B13F8 /* Pods-CinemaTests.release.xcconfig */,
			);
			name = Pods;
			sourceTree = "<group>";
		};
/* End PBXGroup section */

/* Begin PBXNativeTarget section */
		12865C761F7359660058F42A /* Cinema */ = {
			isa = PBXNativeTarget;
			buildConfigurationList = 12865C941F7359670058F42A /* Build configuration list for PBXNativeTarget "Cinema" */;
			buildPhases = (
				B3949E0F517693DD14B7F3E0 /* [CP] Check Pods Manifest.lock */,
				12865C731F7359660058F42A /* Sources */,
				12865C741F7359660058F42A /* Frameworks */,
				12865C751F7359660058F42A /* Resources */,
				B04B3ABF107CADCA23F1F1E8 /* [CP] Embed Pods Frameworks */,
				E494AA9474655B1CC882BAC1 /* [CP] Copy Pods Resources */,
			);
			buildRules = (
			);
			dependencies = (
			);
			name = Cinema;
			productName = Cinema;
			productReference = 12865C771F7359660058F42A /* Cinema.app */;
			productType = "com.apple.product-type.application";
		};
		12865C8A1F7359670058F42A /* CinemaTests */ = {
			isa = PBXNativeTarget;
			buildConfigurationList = 12865C971F7359670058F42A /* Build configuration list for PBXNativeTarget "CinemaTests" */;
			buildPhases = (
				D097DEE11778CD03464F94C9 /* [CP] Check Pods Manifest.lock */,
				12865C871F7359670058F42A /* Sources */,
				12865C881F7359670058F42A /* Frameworks */,
				12865C891F7359670058F42A /* Resources */,
				DC82A86FD0C9FE7D5B7D4855 /* [CP] Embed Pods Frameworks */,
				AB823DF4F6B7A4684FB045F4 /* [CP] Copy Pods Resources */,
			);
			buildRules = (
			);
			dependencies = (
				12865C8D1F7359670058F42A /* PBXTargetDependency */,
			);
			name = CinemaTests;
			productName = CinemaTests;
			productReference = 12865C8B1F7359670058F42A /* CinemaTests.xctest */;
			productType = "com.apple.product-type.bundle.unit-test";
		};
/* End PBXNativeTarget section */

/* Begin PBXProject section */
		12865C6F1F7359660058F42A /* Project object */ = {
			isa = PBXProject;
			attributes = {
				LastSwiftUpdateCheck = 0900;
				LastUpgradeCheck = 0900;
				ORGANIZATIONNAME = VuVince;
				TargetAttributes = {
					12865C761F7359660058F42A = {
						CreatedOnToolsVersion = 9.0;
						ProvisioningStyle = Automatic;
					};
					12865C8A1F7359670058F42A = {
						CreatedOnToolsVersion = 9.0;
						ProvisioningStyle = Automatic;
						TestTargetID = 12865C761F7359660058F42A;
					};
				};
			};
			buildConfigurationList = 12865C721F7359660058F42A /* Build configuration list for PBXProject "Cinema" */;
			compatibilityVersion = "Xcode 8.0";
			developmentRegion = en;
			hasScannedForEncodings = 0;
			knownRegions = (
				en,
				Base,
			);
			mainGroup = 12865C6E1F7359660058F42A;
			productRefGroup = 12865C781F7359660058F42A /* Products */;
			projectDirPath = "";
			projectRoot = "";
			targets = (
				12865C761F7359660058F42A /* Cinema */,
				12865C8A1F7359670058F42A /* CinemaTests */,
			);
		};
/* End PBXProject section */

/* Begin PBXResourcesBuildPhase section */
		12865C751F7359660058F42A /* Resources */ = {
			isa = PBXResourcesBuildPhase;
			buildActionMask = 2147483647;
			files = (
				12865C851F7359660058F42A /* LaunchScreen.storyboard in Resources */,
				12865C821F7359660058F42A /* Assets.xcassets in Resources */,
				12865C801F7359660058F42A /* Main.storyboard in Resources */,
			);
			runOnlyForDeploymentPostprocessing = 0;
		};
		12865C891F7359670058F42A /* Resources */ = {
			isa = PBXResourcesBuildPhase;
			buildActionMask = 2147483647;
			files = (
				12EFFD831F74F0EB009BE8F4 /* MockMoviesList.json in Resources */,
				12EFFD811F74F075009BE8F4 /* MockMovieDetail.json in Resources */,
			);
			runOnlyForDeploymentPostprocessing = 0;
		};
/* End PBXResourcesBuildPhase section */

/* Begin PBXShellScriptBuildPhase section */
		AB823DF4F6B7A4684FB045F4 /* [CP] Copy Pods Resources */ = {
			isa = PBXShellScriptBuildPhase;
			buildActionMask = 2147483647;
			files = (
			);
			inputPaths = (
			);
			name = "[CP] Copy Pods Resources";
			outputPaths = (
			);
			runOnlyForDeploymentPostprocessing = 0;
			shellPath = /bin/sh;
			shellScript = "\"${SRCROOT}/Pods/Target Support Files/Pods-CinemaTests/Pods-CinemaTests-resources.sh\"\n";
			showEnvVarsInLog = 0;
		};
		B04B3ABF107CADCA23F1F1E8 /* [CP] Embed Pods Frameworks */ = {
			isa = PBXShellScriptBuildPhase;
			buildActionMask = 2147483647;
			files = (
			);
			inputPaths = (
				"${SRCROOT}/Pods/Target Support Files/Pods-Cinema/Pods-Cinema-frameworks.sh",
				"${BUILT_PRODUCTS_DIR}/Alamofire/Alamofire.framework",
				"${BUILT_PRODUCTS_DIR}/SDWebImage/SDWebImage.framework",
			);
			name = "[CP] Embed Pods Frameworks";
			outputPaths = (
				"${TARGET_BUILD_DIR}/${FRAMEWORKS_FOLDER_PATH}/Alamofire.framework",
				"${TARGET_BUILD_DIR}/${FRAMEWORKS_FOLDER_PATH}/SDWebImage.framework",
			);
			runOnlyForDeploymentPostprocessing = 0;
			shellPath = /bin/sh;
			shellScript = "\"${SRCROOT}/Pods/Target Support Files/Pods-Cinema/Pods-Cinema-frameworks.sh\"\n";
			showEnvVarsInLog = 0;
		};
		B3949E0F517693DD14B7F3E0 /* [CP] Check Pods Manifest.lock */ = {
			isa = PBXShellScriptBuildPhase;
			buildActionMask = 2147483647;
			files = (
			);
			inputPaths = (
				"${PODS_PODFILE_DIR_PATH}/Podfile.lock",
				"${PODS_ROOT}/Manifest.lock",
			);
			name = "[CP] Check Pods Manifest.lock";
			outputPaths = (
				"$(DERIVED_FILE_DIR)/Pods-Cinema-checkManifestLockResult.txt",
			);
			runOnlyForDeploymentPostprocessing = 0;
			shellPath = /bin/sh;
			shellScript = "diff \"${PODS_PODFILE_DIR_PATH}/Podfile.lock\" \"${PODS_ROOT}/Manifest.lock\" > /dev/null\nif [ $? != 0 ] ; then\n    # print error to STDERR\n    echo \"error: The sandbox is not in sync with the Podfile.lock. Run 'pod install' or update your CocoaPods installation.\" >&2\n    exit 1\nfi\n# This output is used by Xcode 'outputs' to avoid re-running this script phase.\necho \"SUCCESS\" > \"${SCRIPT_OUTPUT_FILE_0}\"\n";
			showEnvVarsInLog = 0;
		};
		D097DEE11778CD03464F94C9 /* [CP] Check Pods Manifest.lock */ = {
			isa = PBXShellScriptBuildPhase;
			buildActionMask = 2147483647;
			files = (
			);
			inputPaths = (
				"${PODS_PODFILE_DIR_PATH}/Podfile.lock",
				"${PODS_ROOT}/Manifest.lock",
			);
			name = "[CP] Check Pods Manifest.lock";
			outputPaths = (
				"$(DERIVED_FILE_DIR)/Pods-CinemaTests-checkManifestLockResult.txt",
			);
			runOnlyForDeploymentPostprocessing = 0;
			shellPath = /bin/sh;
			shellScript = "diff \"${PODS_PODFILE_DIR_PATH}/Podfile.lock\" \"${PODS_ROOT}/Manifest.lock\" > /dev/null\nif [ $? != 0 ] ; then\n    # print error to STDERR\n    echo \"error: The sandbox is not in sync with the Podfile.lock. Run 'pod install' or update your CocoaPods installation.\" >&2\n    exit 1\nfi\n# This output is used by Xcode 'outputs' to avoid re-running this script phase.\necho \"SUCCESS\" > \"${SCRIPT_OUTPUT_FILE_0}\"\n";
			showEnvVarsInLog = 0;
		};
		DC82A86FD0C9FE7D5B7D4855 /* [CP] Embed Pods Frameworks */ = {
			isa = PBXShellScriptBuildPhase;
			buildActionMask = 2147483647;
			files = (
			);
			inputPaths = (
			);
			name = "[CP] Embed Pods Frameworks";
			outputPaths = (
			);
			runOnlyForDeploymentPostprocessing = 0;
			shellPath = /bin/sh;
			shellScript = "\"${SRCROOT}/Pods/Target Support Files/Pods-CinemaTests/Pods-CinemaTests-frameworks.sh\"\n";
			showEnvVarsInLog = 0;
		};
		E494AA9474655B1CC882BAC1 /* [CP] Copy Pods Resources */ = {
			isa = PBXShellScriptBuildPhase;
			buildActionMask = 2147483647;
			files = (
			);
			inputPaths = (
			);
			name = "[CP] Copy Pods Resources";
			outputPaths = (
			);
			runOnlyForDeploymentPostprocessing = 0;
			shellPath = /bin/sh;
			shellScript = "\"${SRCROOT}/Pods/Target Support Files/Pods-Cinema/Pods-Cinema-resources.sh\"\n";
			showEnvVarsInLog = 0;
		};
/* End PBXShellScriptBuildPhase section */

/* Begin PBXSourcesBuildPhase section */
		12865C731F7359660058F42A /* Sources */ = {
			isa = PBXSourcesBuildPhase;
			buildActionMask = 2147483647;
			files = (
				12C3844B1F7415B9008A1B1C /* MDBookingViewController.swift in Sources */,
				12865CA51F737D5C0058F42A /* MDListMovieViewModel.swift in Sources */,
				12865C7D1F7359660058F42A /* MDListMovieViewController.swift in Sources */,
				12865C7B1F7359660058F42A /* AppDelegate.swift in Sources */,
				12865CAC1F73D43C0058F42A /* MDServerService.swift in Sources */,
				12865CA11F737AFC0058F42A /* MDDataProtocols.swift in Sources */,
				12865CA31F737B970058F42A /* MDCollectionViewDataSource.swift in Sources */,
				12865CB21F73F8630058F42A /* MDMovieViewModel.swift in Sources */,
				12865C9F1F737A2B0058F42A /* MDMoviePreviewCell.swift in Sources */,
				12865CB41F73F8760058F42A /* MDMovieViewController.swift in Sources */,
				12865CA71F737D7D0058F42A /* MDListMovieProvider.swift in Sources */,
				12865CAD1F73DAE50058F42A /* MDConstant.swift in Sources */,
				12865CA91F737E220058F42A /* MDMovieModel.swift in Sources */,
			);
			runOnlyForDeploymentPostprocessing = 0;
		};
		12865C871F7359670058F42A /* Sources */ = {
			isa = PBXSourcesBuildPhase;
			buildActionMask = 2147483647;
			files = (
				12EFFD7B1F74D2CC009BE8F4 /* MDMovieViewModelTest.swift in Sources */,
				12EFFD7D1F74EB76009BE8F4 /* MDServerServiceTest.swift in Sources */,
				12EFFD871F751533009BE8F4 /* MDMovieModelTest.swift in Sources */,
				12EFFD791F74CCDC009BE8F4 /* MDListMovieProviderTest.swift in Sources */,
				12865C901F7359670058F42A /* MDCollectionViewDataSourceTest.swift in Sources */,
			);
			runOnlyForDeploymentPostprocessing = 0;
		};
/* End PBXSourcesBuildPhase section */

/* Begin PBXTargetDependency section */
		12865C8D1F7359670058F42A /* PBXTargetDependency */ = {
			isa = PBXTargetDependency;
			target = 12865C761F7359660058F42A /* Cinema */;
			targetProxy = 12865C8C1F7359670058F42A /* PBXContainerItemProxy */;
		};
/* End PBXTargetDependency section */

/* Begin PBXVariantGroup section */
		12865C7E1F7359660058F42A /* Main.storyboard */ = {
			isa = PBXVariantGroup;
			children = (
				12865C7F1F7359660058F42A /* Base */,
			);
			name = Main.storyboard;
			sourceTree = "<group>";
		};
		12865C831F7359660058F42A /* LaunchScreen.storyboard */ = {
			isa = PBXVariantGroup;
			children = (
				12865C841F7359660058F42A /* Base */,
			);
			name = LaunchScreen.storyboard;
			sourceTree = "<group>";
		};
/* End PBXVariantGroup section */

/* Begin XCBuildConfiguration section */
		12865C921F7359670058F42A /* Debug */ = {
			isa = XCBuildConfiguration;
			buildSettings = {
				ALWAYS_SEARCH_USER_PATHS = NO;
				CLANG_ANALYZER_NONNULL = YES;
				CLANG_ANALYZER_NUMBER_OBJECT_CONVERSION = YES_AGGRESSIVE;
				CLANG_CXX_LANGUAGE_STANDARD = "gnu++14";
				CLANG_CXX_LIBRARY = "libc++";
				CLANG_ENABLE_MODULES = YES;
				CLANG_ENABLE_OBJC_ARC = YES;
				CLANG_WARN_BLOCK_CAPTURE_AUTORELEASING = YES;
				CLANG_WARN_BOOL_CONVERSION = YES;
				CLANG_WARN_COMMA = YES;
				CLANG_WARN_CONSTANT_CONVERSION = YES;
				CLANG_WARN_DIRECT_OBJC_ISA_USAGE = YES_ERROR;
				CLANG_WARN_DOCUMENTATION_COMMENTS = YES;
				CLANG_WARN_EMPTY_BODY = YES;
				CLANG_WARN_ENUM_CONVERSION = YES;
				CLANG_WARN_INFINITE_RECURSION = YES;
				CLANG_WARN_INT_CONVERSION = YES;
				CLANG_WARN_NON_LITERAL_NULL_CONVERSION = YES;
				CLANG_WARN_OBJC_LITERAL_CONVERSION = YES;
				CLANG_WARN_OBJC_ROOT_CLASS = YES_ERROR;
				CLANG_WARN_RANGE_LOOP_ANALYSIS = YES;
				CLANG_WARN_STRICT_PROTOTYPES = YES;
				CLANG_WARN_SUSPICIOUS_MOVE = YES;
				CLANG_WARN_UNGUARDED_AVAILABILITY = YES_AGGRESSIVE;
				CLANG_WARN_UNREACHABLE_CODE = YES;
				CLANG_WARN__DUPLICATE_METHOD_MATCH = YES;
				CODE_SIGN_IDENTITY = "iPhone Developer";
				COPY_PHASE_STRIP = NO;
				DEBUG_INFORMATION_FORMAT = dwarf;
				ENABLE_STRICT_OBJC_MSGSEND = YES;
				ENABLE_TESTABILITY = YES;
				GCC_C_LANGUAGE_STANDARD = gnu11;
				GCC_DYNAMIC_NO_PIC = NO;
				GCC_NO_COMMON_BLOCKS = YES;
				GCC_OPTIMIZATION_LEVEL = 0;
				GCC_PREPROCESSOR_DEFINITIONS = (
					"DEBUG=1",
					"$(inherited)",
				);
				GCC_WARN_64_TO_32_BIT_CONVERSION = YES;
				GCC_WARN_ABOUT_RETURN_TYPE = YES_ERROR;
				GCC_WARN_UNDECLARED_SELECTOR = YES;
				GCC_WARN_UNINITIALIZED_AUTOS = YES_AGGRESSIVE;
				GCC_WARN_UNUSED_FUNCTION = YES;
				GCC_WARN_UNUSED_VARIABLE = YES;
				IPHONEOS_DEPLOYMENT_TARGET = 11.0;
				MTL_ENABLE_DEBUG_INFO = YES;
				ONLY_ACTIVE_ARCH = YES;
				SDKROOT = iphoneos;
				SWIFT_ACTIVE_COMPILATION_CONDITIONS = DEBUG;
				SWIFT_OPTIMIZATION_LEVEL = "-Onone";
			};
			name = Debug;
		};
		12865C931F7359670058F42A /* Release */ = {
			isa = XCBuildConfiguration;
			buildSettings = {
				ALWAYS_SEARCH_USER_PATHS = NO;
				CLANG_ANALYZER_NONNULL = YES;
				CLANG_ANALYZER_NUMBER_OBJECT_CONVERSION = YES_AGGRESSIVE;
				CLANG_CXX_LANGUAGE_STANDARD = "gnu++14";
				CLANG_CXX_LIBRARY = "libc++";
				CLANG_ENABLE_MODULES = YES;
				CLANG_ENABLE_OBJC_ARC = YES;
				CLANG_WARN_BLOCK_CAPTURE_AUTORELEASING = YES;
				CLANG_WARN_BOOL_CONVERSION = YES;
				CLANG_WARN_COMMA = YES;
				CLANG_WARN_CONSTANT_CONVERSION = YES;
				CLANG_WARN_DIRECT_OBJC_ISA_USAGE = YES_ERROR;
				CLANG_WARN_DOCUMENTATION_COMMENTS = YES;
				CLANG_WARN_EMPTY_BODY = YES;
				CLANG_WARN_ENUM_CONVERSION = YES;
				CLANG_WARN_INFINITE_RECURSION = YES;
				CLANG_WARN_INT_CONVERSION = YES;
				CLANG_WARN_NON_LITERAL_NULL_CONVERSION = YES;
				CLANG_WARN_OBJC_LITERAL_CONVERSION = YES;
				CLANG_WARN_OBJC_ROOT_CLASS = YES_ERROR;
				CLANG_WARN_RANGE_LOOP_ANALYSIS = YES;
				CLANG_WARN_STRICT_PROTOTYPES = YES;
				CLANG_WARN_SUSPICIOUS_MOVE = YES;
				CLANG_WARN_UNGUARDED_AVAILABILITY = YES_AGGRESSIVE;
				CLANG_WARN_UNREACHABLE_CODE = YES;
				CLANG_WARN__DUPLICATE_METHOD_MATCH = YES;
				CODE_SIGN_IDENTITY = "iPhone Developer";
				COPY_PHASE_STRIP = NO;
				DEBUG_INFORMATION_FORMAT = "dwarf-with-dsym";
				ENABLE_NS_ASSERTIONS = NO;
				ENABLE_STRICT_OBJC_MSGSEND = YES;
				GCC_C_LANGUAGE_STANDARD = gnu11;
				GCC_NO_COMMON_BLOCKS = YES;
				GCC_WARN_64_TO_32_BIT_CONVERSION = YES;
				GCC_WARN_ABOUT_RETURN_TYPE = YES_ERROR;
				GCC_WARN_UNDECLARED_SELECTOR = YES;
				GCC_WARN_UNINITIALIZED_AUTOS = YES_AGGRESSIVE;
				GCC_WARN_UNUSED_FUNCTION = YES;
				GCC_WARN_UNUSED_VARIABLE = YES;
				IPHONEOS_DEPLOYMENT_TARGET = 11.0;
				MTL_ENABLE_DEBUG_INFO = NO;
				SDKROOT = iphoneos;
				SWIFT_OPTIMIZATION_LEVEL = "-Owholemodule";
				VALIDATE_PRODUCT = YES;
			};
			name = Release;
		};
		12865C951F7359670058F42A /* Debug */ = {
			isa = XCBuildConfiguration;
			baseConfigurationReference = CFB0D86BC0C7B822D241F5D4 /* Pods-Cinema.debug.xcconfig */;
			buildSettings = {
				ASSETCATALOG_COMPILER_APPICON_NAME = AppIcon;
				CODE_SIGN_STYLE = Automatic;
				DEVELOPMENT_TEAM = 7C79529L3A;
				INFOPLIST_FILE = Cinema/Info.plist;
				LD_RUNPATH_SEARCH_PATHS = "$(inherited) @executable_path/Frameworks";
				PRODUCT_BUNDLE_IDENTIFIER = com.tranvince.Cinema;
				PRODUCT_NAME = "$(TARGET_NAME)";
				SWIFT_VERSION = 4.0;
				TARGETED_DEVICE_FAMILY = "1,2";
			};
			name = Debug;
		};
		12865C961F7359670058F42A /* Release */ = {
			isa = XCBuildConfiguration;
			baseConfigurationReference = 505DB9C39F19FCD6C101F485 /* Pods-Cinema.release.xcconfig */;
			buildSettings = {
				ASSETCATALOG_COMPILER_APPICON_NAME = AppIcon;
				CODE_SIGN_STYLE = Automatic;
				DEVELOPMENT_TEAM = 7C79529L3A;
				INFOPLIST_FILE = Cinema/Info.plist;
				LD_RUNPATH_SEARCH_PATHS = "$(inherited) @executable_path/Frameworks";
				PRODUCT_BUNDLE_IDENTIFIER = com.tranvince.Cinema;
				PRODUCT_NAME = "$(TARGET_NAME)";
				SWIFT_VERSION = 4.0;
				TARGETED_DEVICE_FAMILY = "1,2";
			};
			name = Release;
		};
		12865C981F7359670058F42A /* Debug */ = {
			isa = XCBuildConfiguration;
			baseConfigurationReference = EA69562A1BE4A27AB5DEAE48 /* Pods-CinemaTests.debug.xcconfig */;
			buildSettings = {
				ALWAYS_EMBED_SWIFT_STANDARD_LIBRARIES = YES;
				BUNDLE_LOADER = "$(TEST_HOST)";
				CODE_SIGN_STYLE = Automatic;
				INFOPLIST_FILE = CinemaTests/Info.plist;
				LD_RUNPATH_SEARCH_PATHS = "$(inherited) @executable_path/Frameworks @loader_path/Frameworks";
				PRODUCT_BUNDLE_IDENTIFIER = com.tranvince.CinemaTests;
				PRODUCT_NAME = "$(TARGET_NAME)";
				SWIFT_VERSION = 4.0;
				TARGETED_DEVICE_FAMILY = "1,2";
				TEST_HOST = "$(BUILT_PRODUCTS_DIR)/Cinema.app/Cinema";
			};
			name = Debug;
		};
		12865C991F7359670058F42A /* Release */ = {
			isa = XCBuildConfiguration;
			baseConfigurationReference = 8FDF01A31E04FFC9985B13F8 /* Pods-CinemaTests.release.xcconfig */;
			buildSettings = {
				ALWAYS_EMBED_SWIFT_STANDARD_LIBRARIES = YES;
				BUNDLE_LOADER = "$(TEST_HOST)";
				CODE_SIGN_STYLE = Automatic;
				INFOPLIST_FILE = CinemaTests/Info.plist;
				LD_RUNPATH_SEARCH_PATHS = "$(inherited) @executable_path/Frameworks @loader_path/Frameworks";
				PRODUCT_BUNDLE_IDENTIFIER = com.tranvince.CinemaTests;
				PRODUCT_NAME = "$(TARGET_NAME)";
				SWIFT_VERSION = 4.0;
				TARGETED_DEVICE_FAMILY = "1,2";
				TEST_HOST = "$(BUILT_PRODUCTS_DIR)/Cinema.app/Cinema";
			};
			name = Release;
		};
/* End XCBuildConfiguration section */

/* Begin XCConfigurationList section */
		12865C721F7359660058F42A /* Build configuration list for PBXProject "Cinema" */ = {
			isa = XCConfigurationList;
			buildConfigurations = (
				12865C921F7359670058F42A /* Debug */,
				12865C931F7359670058F42A /* Release */,
			);
			defaultConfigurationIsVisible = 0;
			defaultConfigurationName = Release;
		};
		12865C941F7359670058F42A /* Build configuration list for PBXNativeTarget "Cinema" */ = {
			isa = XCConfigurationList;
			buildConfigurations = (
				12865C951F7359670058F42A /* Debug */,
				12865C961F7359670058F42A /* Release */,
			);
			defaultConfigurationIsVisible = 0;
			defaultConfigurationName = Release;
		};
		12865C971F7359670058F42A /* Build configuration list for PBXNativeTarget "CinemaTests" */ = {
			isa = XCConfigurationList;
			buildConfigurations = (
				12865C981F7359670058F42A /* Debug */,
				12865C991F7359670058F42A /* Release */,
			);
			defaultConfigurationIsVisible = 0;
			defaultConfigurationName = Release;
		};
/* End XCConfigurationList section */
	};
	rootObject = 12865C6F1F7359660058F42A /* Project object */;
}
